
Microsoft Visual Studio Solution File, Format Version 12.00
# Visual Studio 15
VisualStudioVersion = 15.0.27130.2024
MinimumVisualStudioVersion = 10.0.40219.1
Project("{9A19103F-16F7-4668-BE54-9A1E7A4F7556}") = "Mpc.DotNetCoreService.ConsoleApp", "Mpc.DotNetCoreService.ConsoleApp\Mpc.DotNetCoreService.ConsoleApp.csproj", "{4D40BBCE-CE96-47CD-ABB9-55430A2CB2C4}"
EndProject
Project("{2150E333-8FDC-42A3-9474-1A3956D46DE8}") = "Solution Items", "Solution Items", "{3E8774BA-AAC3-4DBB-BEA2-E89C02ADC7EF}"
	ProjectSection(SolutionItems) = preProject
		..\README.md = ..\README.md
	EndProjectSection
EndProject
Global
	GlobalSection(SolutionConfigurationPlatforms) = preSolution
		Debug|Any CPU = Debug|Any CPU
		Release|Any CPU = Release|Any CPU
	EndGlobalSection
	GlobalSection(ProjectConfigurationPlatforms) = postSolution
		{4D40BBCE-CE96-47CD-ABB9-55430A2CB2C4}.Debug|Any CPU.ActiveCfg = Debug|Any CPU
		{4D40BBCE-CE96-47CD-ABB9-55430A2CB2C4}.Debug|Any CPU.Build.0 = Debug|Any CPU
		{4D40BBCE-CE96-47CD-ABB9-55430A2CB2C4}.Release|Any CPU.ActiveCfg = Release|Any CPU
		{4D40BBCE-CE96-47CD-ABB9-55430A2CB2C4}.Release|Any CPU.Build.0 = Release|Any CPU
	EndGlobalSection
	GlobalSection(SolutionProperties) = preSolution
		HideSolutionNode = FALSE
	EndGlobalSection
	GlobalSection(ExtensibilityGlobals) = postSolution
		SolutionGuid = {392678D3-B253-460D-87E4-B577AB187F64}
	EndGlobalSection
EndGlobal
